
Microsoft Visual Studio Solution File, Format Version 12.00
# Visual Studio Version 17
VisualStudioVersion = 17.8.34330.188
MinimumVisualStudioVersion = 10.0.40219.1
Project("{FAE04EC0-301F-11D3-BF4B-00C04F79EFBC}") = "Structs_y_Enum2", "Structs_y_Enum2\Structs_y_Enum2.csproj", "{C711CE30-C6A6-4319-A6A2-C1F7A83E96B1}"
EndProject
Global
	GlobalSection(SolutionConfigurationPlatforms) = preSolution
		Debug|Any CPU = Debug|Any CPU
		Release|Any CPU = Release|Any CPU
	EndGlobalSection
	GlobalSection(ProjectConfigurationPlatforms) = postSolution
		{C711CE30-C6A6-4319-A6A2-C1F7A83E96B1}.Debug|Any CPU.ActiveCfg = Debug|Any CPU
		{C711CE30-C6A6-4319-A6A2-C1F7A83E96B1}.Debug|Any CPU.Build.0 = Debug|Any CPU
		{C711CE30-C6A6-4319-A6A2-C1F7A83E96B1}.Release|Any CPU.ActiveCfg = Release|Any CPU
		{C711CE30-C6A6-4319-A6A2-C1F7A83E96B1}.Release|Any CPU.Build.0 = Release|Any CPU
	EndGlobalSection
	GlobalSection(SolutionProperties) = preSolution
		HideSolutionNode = FALSE
	EndGlobalSection
	GlobalSection(ExtensibilityGlobals) = postSolution
		SolutionGuid = {BDF3F53B-B674-4B75-B5F0-2B06CA644EA9}
	EndGlobalSection
EndGlobal
