
Microsoft Visual Studio Solution File, Format Version 12.00
# Visual Studio Version 17
VisualStudioVersion = 17.8.34330.188
MinimumVisualStudioVersion = 10.0.40219.1
Project("{FAE04EC0-301F-11D3-BF4B-00C04F79EFBC}") = "QuintoEjercicio", "QuintoEjercicio\QuintoEjercicio.csproj", "{B022F6A4-EABB-4039-8BA4-E565A4BCA2ED}"
EndProject
Global
	GlobalSection(SolutionConfigurationPlatforms) = preSolution
		Debug|Any CPU = Debug|Any CPU
		Release|Any CPU = Release|Any CPU
	EndGlobalSection
	GlobalSection(ProjectConfigurationPlatforms) = postSolution
		{B022F6A4-EABB-4039-8BA4-E565A4BCA2ED}.Debug|Any CPU.ActiveCfg = Debug|Any CPU
		{B022F6A4-EABB-4039-8BA4-E565A4BCA2ED}.Debug|Any CPU.Build.0 = Debug|Any CPU
		{B022F6A4-EABB-4039-8BA4-E565A4BCA2ED}.Release|Any CPU.ActiveCfg = Release|Any CPU
		{B022F6A4-EABB-4039-8BA4-E565A4BCA2ED}.Release|Any CPU.Build.0 = Release|Any CPU
	EndGlobalSection
	GlobalSection(SolutionProperties) = preSolution
		HideSolutionNode = FALSE
	EndGlobalSection
	GlobalSection(ExtensibilityGlobals) = postSolution
		SolutionGuid = {9463902F-BA08-45DE-8A9A-811DA16B1DA7}
	EndGlobalSection
EndGlobal
