
Microsoft Visual Studio Solution File, Format Version 12.00
# Visual Studio Version 17
VisualStudioVersion = 17.8.34330.188
MinimumVisualStudioVersion = 10.0.40219.1
Project("{FAE04EC0-301F-11D3-BF4B-00C04F79EFBC}") = "PooEjemplo4", "PooEjemplo4\PooEjemplo4.csproj", "{9FB90903-D84C-4713-9220-DFC449967716}"
EndProject
Global
	GlobalSection(SolutionConfigurationPlatforms) = preSolution
		Debug|Any CPU = Debug|Any CPU
		Release|Any CPU = Release|Any CPU
	EndGlobalSection
	GlobalSection(ProjectConfigurationPlatforms) = postSolution
		{9FB90903-D84C-4713-9220-DFC449967716}.Debug|Any CPU.ActiveCfg = Debug|Any CPU
		{9FB90903-D84C-4713-9220-DFC449967716}.Debug|Any CPU.Build.0 = Debug|Any CPU
		{9FB90903-D84C-4713-9220-DFC449967716}.Release|Any CPU.ActiveCfg = Release|Any CPU
		{9FB90903-D84C-4713-9220-DFC449967716}.Release|Any CPU.Build.0 = Release|Any CPU
	EndGlobalSection
	GlobalSection(SolutionProperties) = preSolution
		HideSolutionNode = FALSE
	EndGlobalSection
	GlobalSection(ExtensibilityGlobals) = postSolution
		SolutionGuid = {6483FDDF-E77D-4CFA-820A-3897536F0948}
	EndGlobalSection
EndGlobal
